
Microsoft Visual Studio Solution File, Format Version 12.00
# Visual Studio Version 17
VisualStudioVersion = 17.8.34511.84
MinimumVisualStudioVersion = 10.0.40219.1
Project("{FAE04EC0-301F-11D3-BF4B-00C04F79EFBC}") = "testi", "testi\testi.csproj", "{92B4D9DD-A28D-4FBA-90F0-970A3485746F}"
EndProject
Global
	GlobalSection(SolutionConfigurationPlatforms) = preSolution
		Debug|Any CPU = Debug|Any CPU
		Release|Any CPU = Release|Any CPU
	EndGlobalSection
	GlobalSection(ProjectConfigurationPlatforms) = postSolution
		{92B4D9DD-A28D-4FBA-90F0-970A3485746F}.Debug|Any CPU.ActiveCfg = Debug|Any CPU
		{92B4D9DD-A28D-4FBA-90F0-970A3485746F}.Debug|Any CPU.Build.0 = Debug|Any CPU
		{92B4D9DD-A28D-4FBA-90F0-970A3485746F}.Release|Any CPU.ActiveCfg = Release|Any CPU
		{92B4D9DD-A28D-4FBA-90F0-970A3485746F}.Release|Any CPU.Build.0 = Release|Any CPU
	EndGlobalSection
	GlobalSection(SolutionProperties) = preSolution
		HideSolutionNode = FALSE
	EndGlobalSection
	GlobalSection(ExtensibilityGlobals) = postSolution
		SolutionGuid = {2164EE33-CCE8-4A34-9010-5314AFBD82F6}
	EndGlobalSection
EndGlobal
