
Microsoft Visual Studio Solution File, Format Version 12.00
# Visual Studio Version 17
VisualStudioVersion = 17.4.33213.308
MinimumVisualStudioVersion = 10.0.40219.1
Project("{FAE04EC0-301F-11D3-BF4B-00C04F79EFBC}") = "Onko nimesi suosittujen joukossa", "Onko nimesi suosittujen joukossa\Onko nimesi suosittujen joukossa.csproj", "{F6FBCA7E-F281-4B3A-8380-1F3CC95FE1EB}"
EndProject
Global
	GlobalSection(SolutionConfigurationPlatforms) = preSolution
		Debug|Any CPU = Debug|Any CPU
		Release|Any CPU = Release|Any CPU
	EndGlobalSection
	GlobalSection(ProjectConfigurationPlatforms) = postSolution
		{F6FBCA7E-F281-4B3A-8380-1F3CC95FE1EB}.Debug|Any CPU.ActiveCfg = Debug|Any CPU
		{F6FBCA7E-F281-4B3A-8380-1F3CC95FE1EB}.Debug|Any CPU.Build.0 = Debug|Any CPU
		{F6FBCA7E-F281-4B3A-8380-1F3CC95FE1EB}.Release|Any CPU.ActiveCfg = Release|Any CPU
		{F6FBCA7E-F281-4B3A-8380-1F3CC95FE1EB}.Release|Any CPU.Build.0 = Release|Any CPU
	EndGlobalSection
	GlobalSection(SolutionProperties) = preSolution
		HideSolutionNode = FALSE
	EndGlobalSection
	GlobalSection(ExtensibilityGlobals) = postSolution
		SolutionGuid = {39171456-D3F4-45E7-8E6C-7F1948FE999E}
	EndGlobalSection
EndGlobal
