
Microsoft Visual Studio Solution File, Format Version 12.00
# Visual Studio Version 17
VisualStudioVersion = 17.4.33213.308
MinimumVisualStudioVersion = 10.0.40219.1
Project("{FAE04EC0-301F-11D3-BF4B-00C04F79EFBC}") = "Sekuntikello", "Sekuntikello\Sekuntikello.csproj", "{95981DB0-1BC5-4A61-A9B9-8786E4F6B4C9}"
EndProject
Global
	GlobalSection(SolutionConfigurationPlatforms) = preSolution
		Debug|Any CPU = Debug|Any CPU
		Release|Any CPU = Release|Any CPU
	EndGlobalSection
	GlobalSection(ProjectConfigurationPlatforms) = postSolution
		{95981DB0-1BC5-4A61-A9B9-8786E4F6B4C9}.Debug|Any CPU.ActiveCfg = Debug|Any CPU
		{95981DB0-1BC5-4A61-A9B9-8786E4F6B4C9}.Debug|Any CPU.Build.0 = Debug|Any CPU
		{95981DB0-1BC5-4A61-A9B9-8786E4F6B4C9}.Release|Any CPU.ActiveCfg = Release|Any CPU
		{95981DB0-1BC5-4A61-A9B9-8786E4F6B4C9}.Release|Any CPU.Build.0 = Release|Any CPU
	EndGlobalSection
	GlobalSection(SolutionProperties) = preSolution
		HideSolutionNode = FALSE
	EndGlobalSection
	GlobalSection(ExtensibilityGlobals) = postSolution
		SolutionGuid = {253579C5-2B66-4CA1-8D2A-D12BD1AAE681}
	EndGlobalSection
EndGlobal
